
Microsoft Visual Studio Solution File, Format Version 12.00
# Visual Studio Version 17
VisualStudioVersion = 17.3.32825.248
MinimumVisualStudioVersion = 10.0.40219.1
Project("{9A19103F-16F7-4668-BE54-9A1E7A4F7556}") = "API", "API\API.csproj", "{9DB30E0C-98B3-4D23-9828-EC4AE33ED074}"
EndProject
Project("{9A19103F-16F7-4668-BE54-9A1E7A4F7556}") = "DataFacade", "DataFacade\DataFacade.csproj", "{30944F4A-0DAF-4B68-8BCA-C5CB3BC8AECC}"
EndProject
Project("{FAE04EC0-301F-11D3-BF4B-00C04F79EFBC}") = "API.Tests", "API.Tests\API.Tests.csproj", "{186A9E5E-8DC0-4C94-8859-D7D0BE323D84}"
EndProject
Project("{FAE04EC0-301F-11D3-BF4B-00C04F79EFBC}") = "DataFacade.Tests", "DataFacade.Tests\DataFacade.Tests.csproj", "{7ECEAD6C-959D-4D0F-A037-D60DC0BF3BC8}"
EndProject
Project("{54A90642-561A-4BB1-A94E-469ADEE60C69}") = "react", "react\react.esproj", "{287770C9-6AFD-4A45-A02B-C5122EB1FAF4}"
EndProject
Global
	GlobalSection(SolutionConfigurationPlatforms) = preSolution
		Debug|Any CPU = Debug|Any CPU
		Release|Any CPU = Release|Any CPU
	EndGlobalSection
	GlobalSection(ProjectConfigurationPlatforms) = postSolution
		{9DB30E0C-98B3-4D23-9828-EC4AE33ED074}.Debug|Any CPU.ActiveCfg = Debug|Any CPU
		{9DB30E0C-98B3-4D23-9828-EC4AE33ED074}.Debug|Any CPU.Build.0 = Debug|Any CPU
		{9DB30E0C-98B3-4D23-9828-EC4AE33ED074}.Release|Any CPU.ActiveCfg = Release|Any CPU
		{9DB30E0C-98B3-4D23-9828-EC4AE33ED074}.Release|Any CPU.Build.0 = Release|Any CPU
		{258AC132-2D3E-46A0-BC39-8C120E1A726B}.Debug|Any CPU.ActiveCfg = Debug|Any CPU
		{258AC132-2D3E-46A0-BC39-8C120E1A726B}.Debug|Any CPU.Build.0 = Debug|Any CPU
		{258AC132-2D3E-46A0-BC39-8C120E1A726B}.Debug|Any CPU.Deploy.0 = Debug|Any CPU
		{258AC132-2D3E-46A0-BC39-8C120E1A726B}.Release|Any CPU.ActiveCfg = Release|Any CPU
		{258AC132-2D3E-46A0-BC39-8C120E1A726B}.Release|Any CPU.Build.0 = Release|Any CPU
		{258AC132-2D3E-46A0-BC39-8C120E1A726B}.Release|Any CPU.Deploy.0 = Release|Any CPU
		{30944F4A-0DAF-4B68-8BCA-C5CB3BC8AECC}.Debug|Any CPU.ActiveCfg = Debug|Any CPU
		{30944F4A-0DAF-4B68-8BCA-C5CB3BC8AECC}.Debug|Any CPU.Build.0 = Debug|Any CPU
		{30944F4A-0DAF-4B68-8BCA-C5CB3BC8AECC}.Release|Any CPU.ActiveCfg = Release|Any CPU
		{30944F4A-0DAF-4B68-8BCA-C5CB3BC8AECC}.Release|Any CPU.Build.0 = Release|Any CPU
		{186A9E5E-8DC0-4C94-8859-D7D0BE323D84}.Debug|Any CPU.ActiveCfg = Debug|Any CPU
		{186A9E5E-8DC0-4C94-8859-D7D0BE323D84}.Debug|Any CPU.Build.0 = Debug|Any CPU
		{186A9E5E-8DC0-4C94-8859-D7D0BE323D84}.Release|Any CPU.ActiveCfg = Release|Any CPU
		{186A9E5E-8DC0-4C94-8859-D7D0BE323D84}.Release|Any CPU.Build.0 = Release|Any CPU
		{7ECEAD6C-959D-4D0F-A037-D60DC0BF3BC8}.Debug|Any CPU.ActiveCfg = Debug|Any CPU
		{7ECEAD6C-959D-4D0F-A037-D60DC0BF3BC8}.Debug|Any CPU.Build.0 = Debug|Any CPU
		{7ECEAD6C-959D-4D0F-A037-D60DC0BF3BC8}.Release|Any CPU.ActiveCfg = Release|Any CPU
		{7ECEAD6C-959D-4D0F-A037-D60DC0BF3BC8}.Release|Any CPU.Build.0 = Release|Any CPU
		{287770C9-6AFD-4A45-A02B-C5122EB1FAF4}.Debug|Any CPU.ActiveCfg = Debug|Any CPU
		{287770C9-6AFD-4A45-A02B-C5122EB1FAF4}.Debug|Any CPU.Build.0 = Debug|Any CPU
		{287770C9-6AFD-4A45-A02B-C5122EB1FAF4}.Release|Any CPU.ActiveCfg = Debug|Any CPU
		{287770C9-6AFD-4A45-A02B-C5122EB1FAF4}.Release|Any CPU.Build.0 = Debug|Any CPU
	EndGlobalSection
	GlobalSection(SolutionProperties) = preSolution
		HideSolutionNode = FALSE
	EndGlobalSection
	GlobalSection(ExtensibilityGlobals) = postSolution
		SolutionGuid = {A2F81B8B-F330-4838-B6C4-004E260B54F1}
	EndGlobalSection
EndGlobal
